dependencies:
- name: prometheus
  repository: https://prometheus-community.github.io/helm-charts
  version: 25.22.0
- name: loki
  repository: https://grafana.github.io/helm-charts
  version: 6.6.4
- name: promtail
  repository: https://grafana.github.io/helm-charts
  version: 6.16.2
- name: grafana
  repository: https://grafana.github.io/helm-charts
  version: 8.0.2
digest: sha256:cbd81b7ef0760b40379487a5aa612016148f63d869082e846bc3f304f10a8e31
generated: "2024-06-27T16:15:53.753302144+10:00"
