dependencies:
- name: prometheus
  repository: https://prometheus-community.github.io/helm-charts
  version: 27.3.0
- name: loki
  repository: https://grafana.github.io/helm-charts
  version: 6.25.0
- name: promtail
  repository: https://grafana.github.io/helm-charts
  version: 6.16.6
- name: grafana
  repository: https://grafana.github.io/helm-charts
  version: 8.9.0
- name: memgraph
  repository: https://memgraph.github.io/helm-charts
  version: 0.1.9
digest: sha256:5ff9b4d20a2b96bb64f509958652bf2ee8f5969352ad1d1b137ce6d0be8010a5
generated: "2025-02-04T14:01:50.167266783+11:00"
